
Microsoft Visual Studio Solution File, Format Version 12.00
# Visual Studio Version 17
VisualStudioVersion = 17.14.36121.58 d17.14
MinimumVisualStudioVersion = 10.0.40219.1
Project("{FAE04EC0-301F-11D3-BF4B-00C04F79EFBC}") = "BedrockCosmos", "BedrockCosmos\BedrockCosmos.csproj", "{184CA1AA-0199-49FD-ACD9-A77B40E236E3}"
EndProject
Global
	GlobalSection(SolutionConfigurationPlatforms) = preSolution
		Debug|Any CPU = Debug|Any CPU
		Release|Any CPU = Release|Any CPU
	EndGlobalSection
	GlobalSection(ProjectConfigurationPlatforms) = postSolution
		{184CA1AA-0199-49FD-ACD9-A77B40E236E3}.Debug|Any CPU.ActiveCfg = Debug|Any CPU
		{184CA1AA-0199-49FD-ACD9-A77B40E236E3}.Debug|Any CPU.Build.0 = Debug|Any CPU
		{184CA1AA-0199-49FD-ACD9-A77B40E236E3}.Release|Any CPU.ActiveCfg = Release|Any CPU
		{184CA1AA-0199-49FD-ACD9-A77B40E236E3}.Release|Any CPU.Build.0 = Release|Any CPU
	EndGlobalSection
	GlobalSection(SolutionProperties) = preSolution
		HideSolutionNode = FALSE
	EndGlobalSection
	GlobalSection(ExtensibilityGlobals) = postSolution
		SolutionGuid = {317E2F6B-DACC-435B-A671-EB5579FA2E12}
	EndGlobalSection
EndGlobal
